Microsoft Visual Studio Solution File, Format Version 11.00
# Visual Studio 2008

Project("{6314AEF6-B85D-A741-AFFE-A053AC4238DD}") = "Buliding", "Assembly-CSharp.csproj", "{A3045717-2089-E482-8D21-5B7FCE43523F}"
EndProject
Global
	GlobalSection(SolutionConfigurationPlatforms) = preSolution
		Debug|Any CPU = Debug|Any CPU
		Release|Any CPU = Release|Any CPU
	EndGlobalSection
	GlobalSection(ProjectConfigurationPlatforms) = postSolution
		{A3045717-2089-E482-8D21-5B7FCE43523F}.Debug|Any CPU.ActiveCfg = Debug|Any CPU
		{A3045717-2089-E482-8D21-5B7FCE43523F}.Debug|Any CPU.Build.0 = Debug|Any CPU
		{A3045717-2089-E482-8D21-5B7FCE43523F}.Release|Any CPU.ActiveCfg = Release|Any CPU
		{A3045717-2089-E482-8D21-5B7FCE43523F}.Release|Any CPU.Build.0 = Release|Any CPU
	EndGlobalSection
	GlobalSection(SolutionProperties) = preSolution
		HideSolutionNode = FALSE
	EndGlobalSection
	GlobalSection(MonoDevelopProperties) = preSolution
		StartupItem = Assembly-CSharp.csproj
	EndGlobalSection
EndGlobal
